
Microsoft Visual Studio Solution File, Format Version 12.00
# Visual Studio Version 17
VisualStudioVersion = 17.2.32630.192
MinimumVisualStudioVersion = 10.0.40219.1
Project("{9A19103F-16F7-4668-BE54-9A1E7A4F7556}") = "Pierre Papier Ciseaux Fighter", "Pierre Papier Ciseaux Fighter\Pierre Papier Ciseaux Fighter.csproj", "{27BC4948-9810-4BE7-B00C-379219C0E18B}"
EndProject
Project("{2150E333-8FDC-42A3-9474-1A3956D46DE8}") = "Solution Items", "Solution Items", "{37B94146-C9A9-4737-A211-8DE29CC341B6}"
	ProjectSection(SolutionItems) = preProject
		.editorconfig = .editorconfig
	EndProjectSection
EndProject
Project("{54435603-DBB4-11D2-8724-00A0C9A8B90C}") = "Setup", "Setup\Setup.vdproj", "{5643A10D-A448-4F0F-9049-776BEFFE670A}"
EndProject
Global
	GlobalSection(SolutionConfigurationPlatforms) = preSolution
		Debug|Any CPU = Debug|Any CPU
		Release|Any CPU = Release|Any CPU
	EndGlobalSection
	GlobalSection(ProjectConfigurationPlatforms) = postSolution
		{27BC4948-9810-4BE7-B00C-379219C0E18B}.Debug|Any CPU.ActiveCfg = Debug|Any CPU
		{27BC4948-9810-4BE7-B00C-379219C0E18B}.Debug|Any CPU.Build.0 = Debug|Any CPU
		{27BC4948-9810-4BE7-B00C-379219C0E18B}.Release|Any CPU.ActiveCfg = Release|Any CPU
		{27BC4948-9810-4BE7-B00C-379219C0E18B}.Release|Any CPU.Build.0 = Release|Any CPU
		{5643A10D-A448-4F0F-9049-776BEFFE670A}.Debug|Any CPU.ActiveCfg = Debug
		{5643A10D-A448-4F0F-9049-776BEFFE670A}.Release|Any CPU.ActiveCfg = Release
	EndGlobalSection
	GlobalSection(SolutionProperties) = preSolution
		HideSolutionNode = FALSE
	EndGlobalSection
	GlobalSection(ExtensibilityGlobals) = postSolution
		SolutionGuid = {C462B5F8-5A87-4AD5-9701-FD45C241485C}
	EndGlobalSection
EndGlobal
